Microsoft Visual Studio Solution File, Format Version 12.00
# Visual Studio Version 17
VisualStudioVersion = 17.5.2.0
MinimumVisualStudioVersion = 10.0.40219.1
Project("{FAE04EC0-301F-11D3-BF4B-00C04F79EFBC}") = "semana03", "semana03\semana03.csproj", "{B9AD930D-3A55-3D01-7E65-ABF099228CE5}"
EndProject
Global
	GlobalSection(SolutionConfigurationPlatforms) = preSolution
		Debug|Any CPU = Debug|Any CPU
		Release|Any CPU = Release|Any CPU
	EndGlobalSection
	GlobalSection(ProjectConfigurationPlatforms) = postSolution
		{B9AD930D-3A55-3D01-7E65-ABF099228CE5}.Debug|Any CPU.ActiveCfg = Debug|Any CPU
		{B9AD930D-3A55-3D01-7E65-ABF099228CE5}.Debug|Any CPU.Build.0 = Debug|Any CPU
		{B9AD930D-3A55-3D01-7E65-ABF099228CE5}.Release|Any CPU.ActiveCfg = Release|Any CPU
		{B9AD930D-3A55-3D01-7E65-ABF099228CE5}.Release|Any CPU.Build.0 = Release|Any CPU
	EndGlobalSection
	GlobalSection(SolutionProperties) = preSolution
		HideSolutionNode = FALSE
	EndGlobalSection
	GlobalSection(ExtensibilityGlobals) = postSolution
		SolutionGuid = {54E588AD-4CD1-466F-A3DD-05C0CB4E8FFA}
	EndGlobalSection
EndGlobal
